// !$*UTF8*$!
{
	archiveVersion = 1;
	classes = {
	};
	objectVersion = 46;
	objects = {

/* Begin PBXBuildFile section */
		D0ECAE101ADE2A7700216936 /* main.m in Sources */ = {isa = PBXBuildFile; fileRef = D0ECAE0F1ADE2A7700216936 /* main.m */; };
		D0ECAE131ADE2A7700216936 /* AppDelegate.m in Sources */ = {isa = PBXBuildFile; fileRef = D0ECAE121ADE2A7700216936 /* AppDelegate.m */; };
		D0ECAE161ADE2A7700216936 /* ViewController.m in Sources */ = {isa = PBXBuildFile; fileRef = D0ECAE151ADE2A7700216936 /* ViewController.m */; };
		D0ECAE191ADE2A7700216936 /* Main.storyboard in Resources */ = {isa = PBXBuildFile; fileRef = D0ECAE171ADE2A7700216936 /* Main.storyboard */; };
		D0ECAE1B1ADE2A7700216936 /* Images.xcassets in Resources */ = {isa = PBXBuildFile; fileRef = D0ECAE1A1ADE2A7700216936 /* Images.xcassets */; };
		D0ECAE1E1ADE2A7700216936 /* LaunchScreen.xib in Resources */ = {isa = PBXBuildFile; fileRef = D0ECAE1C1ADE2A7700216936 /* LaunchScreen.xib */; };
		D0ECAE2A1ADE2A7700216936 /* XBServerFrameworkTests.m in Sources */ = {isa = PBXBuildFile; fileRef = D0ECAE291ADE2A7700216936 /* XBServerFrameworkTests.m */; };
/* End PBXBuildFile section */

/* Begin PBXContainerItemProxy section */
		D0ECAE241ADE2A7700216936 /* PBXContainerItemProxy */ = {
			isa = PBXContainerItemProxy;
			containerPortal = D0ECAE021ADE2A7700216936 /* Project object */;
			proxyType = 1;
			remoteGlobalIDString = D0ECAE091ADE2A7700216936;
			remoteInfo = XBServerFramework;
		};
/* End PBXContainerItemProxy section */

/* Begin PBXFileReference section */
		D0ECAE0A1ADE2A7700216936 /* XBServerFramework.app */ = {isa = PBXFileReference; explicitFileType = wrapper.application; includeInIndex = 0; path = XBServerFramework.app; sourceTree = BUILT_PRODUCTS_DIR; };
		D0ECAE0E1ADE2A7700216936 /* Info.plist */ = {isa = PBXFileReference; lastKnownFileType = text.plist.xml; path = Info.plist; sourceTree = "<group>"; };
		D0ECAE0F1ADE2A7700216936 /* main.m */ = {isa = PBXFileReference; lastKnownFileType = sourcecode.c.objc; path = main.m; sourceTree = "<group>"; };
		D0ECAE111ADE2A7700216936 /* AppDelegate.h */ = {isa = PBXFileReference; lastKnownFileType = sourcecode.c.h; path = AppDelegate.h; sourceTree = "<group>"; };
		D0ECAE121ADE2A7700216936 /* AppDelegate.m */ = {isa = PBXFileReference; lastKnownFileType = sourcecode.c.objc; path = AppDelegate.m; sourceTree = "<group>"; };
		D0ECAE141ADE2A7700216936 /* ViewController.h */ = {isa = PBXFileReference; lastKnownFileType = sourcecode.c.h; path = ViewController.h; sourceTree = "<group>"; };
		D0ECAE151ADE2A7700216936 /* ViewController.m */ = {isa = PBXFileReference; lastKnownFileType = sourcecode.c.objc; path = ViewController.m; sourceTree = "<group>"; };
		D0ECAE181ADE2A7700216936 /* Base */ = {isa = PBXFileReference; lastKnownFileType = file.storyboard; name = Base; path = Base.lproj/Main.storyboard; sourceTree = "<group>"; };
		D0ECAE1A1ADE2A7700216936 /* Images.xcassets */ = {isa = PBXFileReference; lastKnownFileType = folder.assetcatalog; path = Images.xcassets; sourceTree = "<group>"; };
		D0ECAE1D1ADE2A7700216936 /* Base */ = {isa = PBXFileReference; lastKnownFileType = file.xib; name = Base; path = Base.lproj/LaunchScreen.xib; sourceTree = "<group>"; };
		D0ECAE231ADE2A7700216936 /* XBServerFrameworkTests.xctest */ = {isa = PBXFileReference; explicitFileType = wrapper.cfbundle; includeInIndex = 0; path = XBServerFrameworkTests.xctest; sourceTree = BUILT_PRODUCTS_DIR; };
		D0ECAE281ADE2A7700216936 /* Info.plist */ = {isa = PBXFileReference; lastKnownFileType = text.plist.xml; path = Info.plist; sourceTree = "<group>"; };
		D0ECAE291ADE2A7700216936 /* XBServerFrameworkTests.m */ = {isa = PBXFileReference; lastKnownFileType = sourcecode.c.objc; path = XBServerFrameworkTests.m; sourceTree = "<group>"; };
/* End PBXFileReference section */

/* Begin PBXFrameworksBuildPhase section */
		D0ECAE071ADE2A7700216936 /* Frameworks */ = {
			isa = PBXFrameworksBuildPhase;
			buildActionMask = 2147483647;
			files = (
			);
			runOnlyForDeploymentPostprocessing = 0;
		};
		D0ECAE201ADE2A7700216936 /* Frameworks */ = {
			isa = PBXFrameworksBuildPhase;
			buildActionMask = 2147483647;
			files = (
			);
			runOnlyForDeploymentPostprocessing = 0;
		};
/* End PBXFrameworksBuildPhase section */

/* Begin PBXGroup section */
		D0ECAE011ADE2A7700216936 = {
			isa = PBXGroup;
			children = (
				D0ECAE0C1ADE2A7700216936 /* XBServerFramework */,
				D0ECAE261ADE2A7700216936 /* XBServerFrameworkTests */,
				D0ECAE0B1ADE2A7700216936 /* Products */,
			);
			sourceTree = "<group>";
		};
		D0ECAE0B1ADE2A7700216936 /* Products */ = {
			isa = PBXGroup;
			children = (
				D0ECAE0A1ADE2A7700216936 /* XBServerFramework.app */,
				D0ECAE231ADE2A7700216936 /* XBServerFrameworkTests.xctest */,
			);
			name = Products;
			sourceTree = "<group>";
		};
		D0ECAE0C1ADE2A7700216936 /* XBServerFramework */ = {
			isa = PBXGroup;
			children = (
				D0ECAE111ADE2A7700216936 /* AppDelegate.h */,
				D0ECAE121ADE2A7700216936 /* AppDelegate.m */,
				D0ECAE141ADE2A7700216936 /* ViewController.h */,
				D0ECAE151ADE2A7700216936 /* ViewController.m */,
				D0ECAE171ADE2A7700216936 /* Main.storyboard */,
				D0ECAE1A1ADE2A7700216936 /* Images.xcassets */,
				D0ECAE1C1ADE2A7700216936 /* LaunchScreen.xib */,
				D0ECAE0D1ADE2A7700216936 /* Supporting Files */,
			);
			path = XBServerFramework;
			sourceTree = "<group>";
		};
		D0ECAE0D1ADE2A7700216936 /* Supporting Files */ = {
			isa = PBXGroup;
			children = (
				D0ECAE0E1ADE2A7700216936 /* Info.plist */,
				D0ECAE0F1ADE2A7700216936 /* main.m */,
			);
			name = "Supporting Files";
			sourceTree = "<group>";
		};
		D0ECAE261ADE2A7700216936 /* XBServerFrameworkTests */ = {
			isa = PBXGroup;
			children = (
				D0ECAE291ADE2A7700216936 /* XBServerFrameworkTests.m */,
				D0ECAE271ADE2A7700216936 /* Supporting Files */,
			);
			path = XBServerFrameworkTests;
			sourceTree = "<group>";
		};
		D0ECAE271ADE2A7700216936 /* Supporting Files */ = {
			isa = PBXGroup;
			children = (
				D0ECAE281ADE2A7700216936 /* Info.plist */,
			);
			name = "Supporting Files";
			sourceTree = "<group>";
		};
/* End PBXGroup section */

/* Begin PBXNativeTarget section */
		D0ECAE091ADE2A7700216936 /* XBServerFramework */ = {
			isa = PBXNativeTarget;
			buildConfigurationList = D0ECAE2D1ADE2A7700216936 /* Build configuration list for PBXNativeTarget "XBServerFramework" */;
			buildPhases = (
				D0ECAE061ADE2A7700216936 /* Sources */,
				D0ECAE071ADE2A7700216936 /* Frameworks */,
				D0ECAE081ADE2A7700216936 /* Resources */,
			);
			buildRules = (
			);
			dependencies = (
			);
			name = XBServerFramework;
			productName = XBServerFramework;
			productReference = D0ECAE0A1ADE2A7700216936 /* XBServerFramework.app */;
			productType = "com.apple.product-type.application";
		};
		D0ECAE221ADE2A7700216936 /* XBServerFrameworkTests */ = {
			isa = PBXNativeTarget;
			buildConfigurationList = D0ECAE301ADE2A7700216936 /* Build configuration list for PBXNativeTarget "XBServerFrameworkTests" */;
			buildPhases = (
				D0ECAE1F1ADE2A7700216936 /* Sources */,
				D0ECAE201ADE2A7700216936 /* Frameworks */,
				D0ECAE211ADE2A7700216936 /* Resources */,
			);
			buildRules = (
			);
			dependencies = (
				D0ECAE251ADE2A7700216936 /* PBXTargetDependency */,
			);
			name = XBServerFrameworkTests;
			productName = XBServerFrameworkTests;
			productReference = D0ECAE231ADE2A7700216936 /* XBServerFrameworkTests.xctest */;
			productType = "com.apple.product-type.bundle.unit-test";
		};
/* End PBXNativeTarget section */

/* Begin PBXProject section */
		D0ECAE021ADE2A7700216936 /* Project object */ = {
			isa = PBXProject;
			attributes = {
				LastUpgradeCheck = 0630;
				ORGANIZATIONNAME = Peter;
				TargetAttributes = {
					D0ECAE091ADE2A7700216936 = {
						CreatedOnToolsVersion = 6.3;
					};
					D0ECAE221ADE2A7700216936 = {
						CreatedOnToolsVersion = 6.3;
						TestTargetID = D0ECAE091ADE2A7700216936;
					};
				};
			};
			buildConfigurationList = D0ECAE051ADE2A7700216936 /* Build configuration list for PBXProject "XBServerFramework" */;
			compatibilityVersion = "Xcode 3.2";
			developmentRegion = English;
			hasScannedForEncodings = 0;
			knownRegions = (
				en,
				Base,
			);
			mainGroup = D0ECAE011ADE2A7700216936;
			productRefGroup = D0ECAE0B1ADE2A7700216936 /* Products */;
			projectDirPath = "";
			projectRoot = "";
			targets = (
				D0ECAE091ADE2A7700216936 /* XBServerFramework */,
				D0ECAE221ADE2A7700216936 /* XBServerFrameworkTests */,
			);
		};
/* End PBXProject section */

/* Begin PBXResourcesBuildPhase section */
		D0ECAE081ADE2A7700216936 /* Resources */ = {
			isa = PBXResourcesBuildPhase;
			buildActionMask = 2147483647;
			files = (
				D0ECAE191ADE2A7700216936 /* Main.storyboard in Resources */,
				D0ECAE1E1ADE2A7700216936 /* LaunchScreen.xib in Resources */,
				D0ECAE1B1ADE2A7700216936 /* Images.xcassets in Resources */,
			);
			runOnlyForDeploymentPostprocessing = 0;
		};
		D0ECAE211ADE2A7700216936 /* Resources */ = {
			isa = PBXResourcesBuildPhase;
			buildActionMask = 2147483647;
			files = (
			);
			runOnlyForDeploymentPostprocessing = 0;
		};
/* End PBXResourcesBuildPhase section */

/* Begin PBXSourcesBuildPhase section */
		D0ECAE061ADE2A7700216936 /* Sources */ = {
			isa = PBXSourcesBuildPhase;
			buildActionMask = 2147483647;
			files = (
				D0ECAE161ADE2A7700216936 /* ViewController.m in Sources */,
				D0ECAE131ADE2A7700216936 /* AppDelegate.m in Sources */,
				D0ECAE101ADE2A7700216936 /* main.m in Sources */,
			);
			runOnlyForDeploymentPostprocessing = 0;
		};
		D0ECAE1F1ADE2A7700216936 /* Sources */ = {
			isa = PBXSourcesBuildPhase;
			buildActionMask = 2147483647;
			files = (
				D0ECAE2A1ADE2A7700216936 /* XBServerFrameworkTests.m in Sources */,
			);
			runOnlyForDeploymentPostprocessing = 0;
		};
/* End PBXSourcesBuildPhase section */

/* Begin PBXTargetDependency section */
		D0ECAE251ADE2A7700216936 /* PBXTargetDependency */ = {
			isa = PBXTargetDependency;
			target = D0ECAE091ADE2A7700216936 /* XBServerFramework */;
			targetProxy = D0ECAE241ADE2A7700216936 /* PBXContainerItemProxy */;
		};
/* End PBXTargetDependency section */

/* Begin PBXVariantGroup section */
		D0ECAE171ADE2A7700216936 /* Main.storyboard */ = {
			isa = PBXVariantGroup;
			children = (
				D0ECAE181ADE2A7700216936 /* Base */,
			);
			name = Main.storyboard;
			sourceTree = "<group>";
		};
		D0ECAE1C1ADE2A7700216936 /* LaunchScreen.xib */ = {
			isa = PBXVariantGroup;
			children = (
				D0ECAE1D1ADE2A7700216936 /* Base */,
			);
			name = LaunchScreen.xib;
			sourceTree = "<group>";
		};
/* End PBXVariantGroup section */

/* Begin XCBuildConfiguration section */
		D0ECAE2B1ADE2A7700216936 /* Debug */ = {
			isa = XCBuildConfiguration;
			buildSettings = {
				ALWAYS_SEARCH_USER_PATHS = NO;
				CLANG_CXX_LANGUAGE_STANDARD = "gnu++0x";
				CLANG_CXX_LIBRARY = "libc++";
				CLANG_ENABLE_MODULES = YES;
				CLANG_ENABLE_OBJC_ARC = YES;
				CLANG_WARN_BOOL_CONVERSION = YES;
				CLANG_WARN_CONSTANT_CONVERSION = YES;
				CLANG_WARN_DIRECT_OBJC_ISA_USAGE = YES_ERROR;
				CLANG_WARN_EMPTY_BODY = YES;
				CLANG_WARN_ENUM_CONVERSION = YES;
				CLANG_WARN_INT_CONVERSION = YES;
				CLANG_WARN_OBJC_ROOT_CLASS = YES_ERROR;
				CLANG_WARN_UNREACHABLE_CODE = YES;
				CLANG_WARN__DUPLICATE_METHOD_MATCH = YES;
				"CODE_SIGN_IDENTITY[sdk=iphoneos*]" = "iPhone Developer";
				COPY_PHASE_STRIP = NO;
				DEBUG_INFORMATION_FORMAT = "dwarf-with-dsym";
				ENABLE_STRICT_OBJC_MSGSEND = YES;
				GCC_C_LANGUAGE_STANDARD = gnu99;
				GCC_DYNAMIC_NO_PIC = NO;
				GCC_NO_COMMON_BLOCKS = YES;
				GCC_OPTIMIZATION_LEVEL = 0;
				GCC_PREPROCESSOR_DEFINITIONS = (
					"DEBUG=1",
					"$(inherited)",
				);
				GCC_SYMBOLS_PRIVATE_EXTERN = NO;
				GCC_WARN_64_TO_32_BIT_CONVERSION = YES;
				GCC_WARN_ABOUT_RETURN_TYPE = YES_ERROR;
				GCC_WARN_UNDECLARED_SELECTOR = YES;
				GCC_WARN_UNINITIALIZED_AUTOS = YES_AGGRESSIVE;
				GCC_WARN_UNUSED_FUNCTION = YES;
				GCC_WARN_UNUSED_VARIABLE = YES;
				IPHONEOS_DEPLOYMENT_TARGET = 8.3;
				MTL_ENABLE_DEBUG_INFO = YES;
				ONLY_ACTIVE_ARCH = YES;
				SDKROOT = iphoneos;
			};
			name = Debug;
		};
		D0ECAE2C1ADE2A7700216936 /* Release */ = {
			isa = XCBuildConfiguration;
			buildSettings = {
				ALWAYS_SEARCH_USER_PATHS = NO;
				CLANG_CXX_LANGUAGE_STANDARD = "gnu++0x";
				CLANG_CXX_LIBRARY = "libc++";
				CLANG_ENABLE_MODULES = YES;
				CLANG_ENABLE_OBJC_ARC = YES;
				CLANG_WARN_BOOL_CONVERSION = YES;
				CLANG_WARN_CONSTANT_CONVERSION = YES;
				CLANG_WARN_DIRECT_OBJC_ISA_USAGE = YES_ERROR;
				CLANG_WARN_EMPTY_BODY = YES;
				CLANG_WARN_ENUM_CONVERSION = YES;
				CLANG_WARN_INT_CONVERSION = YES;
				CLANG_WARN_OBJC_ROOT_CLASS = YES_ERROR;
				CLANG_WARN_UNREACHABLE_CODE = YES;
				CLANG_WARN__DUPLICATE_METHOD_MATCH = YES;
				"CODE_SIGN_IDENTITY[sdk=iphoneos*]" = "iPhone Developer";
				COPY_PHASE_STRIP = NO;
				DEBUG_INFORMATION_FORMAT = "dwarf-with-dsym";
				ENABLE_NS_ASSERTIONS = NO;
				ENABLE_STRICT_OBJC_MSGSEND = YES;
				GCC_C_LANGUAGE_STANDARD = gnu99;
				GCC_NO_COMMON_BLOCKS = YES;
				GCC_WARN_64_TO_32_BIT_CONVERSION = YES;
				GCC_WARN_ABOUT_RETURN_TYPE = YES_ERROR;
				GCC_WARN_UNDECLARED_SELECTOR = YES;
				GCC_WARN_UNINITIALIZED_AUTOS = YES_AGGRESSIVE;
				GCC_WARN_UNUSED_FUNCTION = YES;
				GCC_WARN_UNUSED_VARIABLE = YES;
				IPHONEOS_DEPLOYMENT_TARGET = 8.3;
				MTL_ENABLE_DEBUG_INFO = NO;
				SDKROOT = iphoneos;
				VALIDATE_PRODUCT = YES;
			};
			name = Release;
		};
		D0ECAE2E1ADE2A7700216936 /* Debug */ = {
			isa = XCBuildConfiguration;
			buildSettings = {
				ASSETCATALOG_COMPILER_APPICON_NAME = AppIcon;
				INFOPLIST_FILE = XBServerFramework/Info.plist;
				LD_RUNPATH_SEARCH_PATHS = "$(inherited) @executable_path/Frameworks";
				PRODUCT_NAME = "$(TARGET_NAME)";
			};
			name = Debug;
		};
		D0ECAE2F1ADE2A7700216936 /* Release */ = {
			isa = XCBuildConfiguration;
			buildSettings = {
				ASSETCATALOG_COMPILER_APPICON_NAME = AppIcon;
				INFOPLIST_FILE = XBServerFramework/Info.plist;
				LD_RUNPATH_SEARCH_PATHS = "$(inherited) @executable_path/Frameworks";
				PRODUCT_NAME = "$(TARGET_NAME)";
			};
			name = Release;
		};
		D0ECAE311ADE2A7700216936 /* Debug */ = {
			isa = XCBuildConfiguration;
			buildSettings = {
				BUNDLE_LOADER = "$(TEST_HOST)";
				FRAMEWORK_SEARCH_PATHS = (
					"$(SDKROOT)/Developer/Library/Frameworks",
					"$(inherited)",
				);
				GCC_PREPROCESSOR_DEFINITIONS = (
					"DEBUG=1",
					"$(inherited)",
				);
				INFOPLIST_FILE = XBServerFrameworkTests/Info.plist;
				LD_RUNPATH_SEARCH_PATHS = "$(inherited) @executable_path/Frameworks @loader_path/Frameworks";
				PRODUCT_NAME = "$(TARGET_NAME)";
				TEST_HOST = "$(BUILT_PRODUCTS_DIR)/XBServerFramework.app/XBServerFramework";
			};
			name = Debug;
		};
		D0ECAE321ADE2A7700216936 /* Release */ = {
			isa = XCBuildConfiguration;
			buildSettings = {
				BUNDLE_LOADER = "$(TEST_HOST)";
				FRAMEWORK_SEARCH_PATHS = (
					"$(SDKROOT)/Developer/Library/Frameworks",
					"$(inherited)",
				);
				INFOPLIST_FILE = XBServerFrameworkTests/Info.plist;
				LD_RUNPATH_SEARCH_PATHS = "$(inherited) @executable_path/Frameworks @loader_path/Frameworks";
				PRODUCT_NAME = "$(TARGET_NAME)";
				TEST_HOST = "$(BUILT_PRODUCTS_DIR)/XBServerFramework.app/XBServerFramework";
			};
			name = Release;
		};
/* End XCBuildConfiguration section */

/* Begin XCConfigurationList section */
		D0ECAE051ADE2A7700216936 /* Build configuration list for PBXProject "XBServerFramework" */ = {
			isa = XCConfigurationList;
			buildConfigurations = (
				D0ECAE2B1ADE2A7700216936 /* Debug */,
				D0ECAE2C1ADE2A7700216936 /* Release */,
			);
			defaultConfigurationIsVisible = 0;
			defaultConfigurationName = Release;
		};
		D0ECAE2D1ADE2A7700216936 /* Build configuration list for PBXNativeTarget "XBServerFramework" */ = {
			isa = XCConfigurationList;
			buildConfigurations = (
				D0ECAE2E1ADE2A7700216936 /* Debug */,
				D0ECAE2F1ADE2A7700216936 /* Release */,
			);
			defaultConfigurationIsVisible = 0;
		};
		D0ECAE301ADE2A7700216936 /* Build configuration list for PBXNativeTarget "XBServerFrameworkTests" */ = {
			isa = XCConfigurationList;
			buildConfigurations = (
				D0ECAE311ADE2A7700216936 /* Debug */,
				D0ECAE321ADE2A7700216936 /* Release */,
			);
			defaultConfigurationIsVisible = 0;
		};
/* End XCConfigurationList section */
	};
	rootObject = D0ECAE021ADE2A7700216936 /* Project object */;
}
